
Microsoft Visual Studio Solution File, Format Version 12.00
# Visual Studio 15
VisualStudioVersion = 15.0.28307.271
MinimumVisualStudioVersion = 10.0.40219.1
Project("{9A19103F-16F7-4668-BE54-9A1E7A4F7556}") = "CacheSurvy", "CacheSurvy\CacheSurvy.csproj", "{C32BB34E-E9B7-416E-921E-695C78E87FA1}"
EndProject
Global
	GlobalSection(SolutionConfigurationPlatforms) = preSolution
		Debug|Any CPU = Debug|Any CPU
		Release|Any CPU = Release|Any CPU
	EndGlobalSection
	GlobalSection(ProjectConfigurationPlatforms) = postSolution
		{C32BB34E-E9B7-416E-921E-695C78E87FA1}.Debug|Any CPU.ActiveCfg = Debug|Any CPU
		{C32BB34E-E9B7-416E-921E-695C78E87FA1}.Debug|Any CPU.Build.0 = Debug|Any CPU
		{C32BB34E-E9B7-416E-921E-695C78E87FA1}.Release|Any CPU.ActiveCfg = Release|Any CPU
		{C32BB34E-E9B7-416E-921E-695C78E87FA1}.Release|Any CPU.Build.0 = Release|Any CPU
	EndGlobalSection
	GlobalSection(SolutionProperties) = preSolution
		HideSolutionNode = FALSE
	EndGlobalSection
	GlobalSection(ExtensibilityGlobals) = postSolution
		SolutionGuid = {AFBD47E0-84EF-4803-92C2-B42658D62D07}
	EndGlobalSection
EndGlobal
